{
    "_meta": {
        "hash": {
            "sha256": "0a0d25efbb772160b9c7b366c0a27a6274281b5397e8960b63ba91ea1c30ebad"
        },
        "pipfile-spec": 6,
        "requires": {
            "python_full_version": "3.9.6",
            "python_version": "3.9"
        },
        "sources": [
            {
                "name": "pypi",
                "url": "https://pypi.org/simple",
                "verify_ssl": true
            }
        ]
    },
    "default": {
        "annotated-types": {
            "hashes": [
                "sha256:1f02e8b43a8fbbc3f3e0d4f0f4bfc8131bcb4eebe8849b8e5c773f3a1c582a53",
                "sha256:aff07c09a53a08bc8cfccb9c85b05f1aa9a2a6f23728d790723543408344ce89"
            ],
            "markers": "python_version >= '3.8'",
            "version": "==0.7.0"
        },
        "anyio": {
            "hashes": [
                "sha256:673c0c244e15788651a4ff38710fea9675823028a6f08a5eda409e0c9840a028",
                "sha256:9f76d541cad6e36af7beb62e978876f3b41e3e04f2c1fbf0884604c0a9c4d93c"
            ],
            "markers": "python_version >= '3.9'",
            "version": "==4.9.0"
        },
        "aws-error-utils": {
            "hashes": [
                "sha256:07107af2a2c26706cd9525b7ffbed43f2d07b50d27e39f9e9156c11b2e993c97",
                "sha256:fc6e556340a14af58e19bc60faf635d3eea9abbacb7f06e54a908e8234c60a50"
            ],
            "markers": "python_version >= '3.7' and python_version < '4'",
            "version": "==2.7.0"
        },
        "backoff": {
            "hashes": [
                "sha256:03f829f5bb1923180821643f8753b0502c3b682293992485b0eef2807afa5cba",
                "sha256:63579f9a0628e06278f7e47b7d7d5b6ce20dc65c5e96a6f3ca99a6adca0396e8"
            ],
            "markers": "python_version >= '3.7' and python_version < '4.0'",
            "version": "==2.2.1"
        },
        "beautifulsoup4": {
            "hashes": [
                "sha256:1bd32405dacc920b42b83ba01644747ed77456a65760e285fbc47633ceddaf8b",
                "sha256:99045d7d3f08f91f0d656bc9b7efbae189426cd913d830294a15eefa0ea4df16"
            ],
            "markers": "python_full_version >= '3.7.0'",
            "version": "==4.13.3"
        },
        "botocore": {
            "hashes": [
                "sha256:c879c2a5dc6952b81591d0e765c7b93e90df7f6c50b3d9b68011ec7cfe7fe48d",
                "sha256:f8c93eec385a346c7a59efcb15d8cf3613cd9d6ab27f32492eed9549bd86d69e"
            ],
            "markers": "python_version >= '3.8'",
            "version": "==1.37.17"
        },
        "certifi": {
            "hashes": [
                "sha256:3d5da6925056f6f18f119200434a4780a94263f10d1c21d032a6f6b2baa20651",
                "sha256:ca78db4565a652026a4db2bcdf68f2fb589ea80d0be70e03929ed730746b84fe"
            ],
            "markers": "python_version >= '3.6'",
            "version": "==2025.1.31"
        },
        "charset-normalizer": {
            "hashes": [
                "sha256:0167ddc8ab6508fe81860a57dd472b2ef4060e8d378f0cc555707126830f2537",
                "sha256:01732659ba9b5b873fc117534143e4feefecf3b2078b0a6a2e925271bb6f4cfa",
                "sha256:01ad647cdd609225c5350561d084b42ddf732f4eeefe6e678765636791e78b9a",
                "sha256:04432ad9479fa40ec0f387795ddad4437a2b50417c69fa275e212933519ff294",
                "sha256:0907f11d019260cdc3f94fbdb23ff9125f6b5d1039b76003b5b0ac9d6a6c9d5b",
                "sha256:0924e81d3d5e70f8126529951dac65c1010cdf117bb75eb02dd12339b57749dd",
                "sha256:09b26ae6b1abf0d27570633b2b078a2a20419c99d66fb2823173d73f188ce601",
                "sha256:09b5e6733cbd160dcc09589227187e242a30a49ca5cefa5a7edd3f9d19ed53fd",
                "sha256:0af291f4fe114be0280cdd29d533696a77b5b49cfde5467176ecab32353395c4",
                "sha256:0f55e69f030f7163dffe9fd0752b32f070566451afe180f99dbeeb81f511ad8d",
                "sha256:1a2bc9f351a75ef49d664206d51f8e5ede9da246602dc2d2726837620ea034b2",
                "sha256:22e14b5d70560b8dd51ec22863f370d1e595ac3d024cb8ad7d308b4cd95f8313",
                "sha256:234ac59ea147c59ee4da87a0c0f098e9c8d169f4dc2a159ef720f1a61bbe27cd",
                "sha256:2369eea1ee4a7610a860d88f268eb39b95cb588acd7235e02fd5a5601773d4fa",
                "sha256:237bdbe6159cff53b4f24f397d43c6336c6b0b42affbe857970cefbb620911c8",
                "sha256:28bf57629c75e810b6ae989f03c0828d64d6b26a5e205535585f96093e405ed1",
                "sha256:2967f74ad52c3b98de4c3b32e1a44e32975e008a9cd2a8cc8966d6a5218c5cb2",
                "sha256:2a75d49014d118e4198bcee5ee0a6f25856b29b12dbf7cd012791f8a6cc5c496",
                "sha256:2bdfe3ac2e1bbe5b59a1a63721eb3b95fc9b6817ae4a46debbb4e11f6232428d",
                "sha256:2d074908e1aecee37a7635990b2c6d504cd4766c7bc9fc86d63f9c09af3fa11b",
                "sha256:2fb9bd477fdea8684f78791a6de97a953c51831ee2981f8e4f583ff3b9d9687e",
                "sha256:311f30128d7d333eebd7896965bfcfbd0065f1716ec92bd5638d7748eb6f936a",
                "sha256:329ce159e82018d646c7ac45b01a430369d526569ec08516081727a20e9e4af4",
                "sha256:345b0426edd4e18138d6528aed636de7a9ed169b4aaf9d61a8c19e39d26838ca",
                "sha256:363e2f92b0f0174b2f8238240a1a30142e3db7b957a5dd5689b0e75fb717cc78",
                "sha256:3a3bd0dcd373514dcec91c411ddb9632c0d7d92aed7093b8c3bbb6d69ca74408",
                "sha256:3bed14e9c89dcb10e8f3a29f9ccac4955aebe93c71ae803af79265c9ca5644c5",
                "sha256:44251f18cd68a75b56585dd00dae26183e102cd5e0f9f1466e6df5da2ed64ea3",
                "sha256:44ecbf16649486d4aebafeaa7ec4c9fed8b88101f4dd612dcaf65d5e815f837f",
                "sha256:4532bff1b8421fd0a320463030c7520f56a79c9024a4e88f01c537316019005a",
                "sha256:49402233c892a461407c512a19435d1ce275543138294f7ef013f0b63d5d3765",
                "sha256:4c0907b1928a36d5a998d72d64d8eaa7244989f7aaaf947500d3a800c83a3fd6",
                "sha256:4d86f7aff21ee58f26dcf5ae81a9addbd914115cdebcbb2217e4f0ed8982e146",
                "sha256:5777ee0881f9499ed0f71cc82cf873d9a0ca8af166dfa0af8ec4e675b7df48e6",
                "sha256:5df196eb874dae23dcfb968c83d4f8fdccb333330fe1fc278ac5ceeb101003a9",
                "sha256:619a609aa74ae43d90ed2e89bdd784765de0a25ca761b93e196d938b8fd1dbbd",
                "sha256:6e27f48bcd0957c6d4cb9d6fa6b61d192d0b13d5ef563e5f2ae35feafc0d179c",
                "sha256:6ff8a4a60c227ad87030d76e99cd1698345d4491638dfa6673027c48b3cd395f",
                "sha256:73d94b58ec7fecbc7366247d3b0b10a21681004153238750bb67bd9012414545",
                "sha256:7461baadb4dc00fd9e0acbe254e3d7d2112e7f92ced2adc96e54ef6501c5f176",
                "sha256:75832c08354f595c760a804588b9357d34ec00ba1c940c15e31e96d902093770",
                "sha256:7709f51f5f7c853f0fb938bcd3bc59cdfdc5203635ffd18bf354f6967ea0f824",
                "sha256:78baa6d91634dfb69ec52a463534bc0df05dbd546209b79a3880a34487f4b84f",
                "sha256:7974a0b5ecd505609e3b19742b60cee7aa2aa2fb3151bc917e6e2646d7667dcf",
                "sha256:7a4f97a081603d2050bfaffdefa5b02a9ec823f8348a572e39032caa8404a487",
                "sha256:7b1bef6280950ee6c177b326508f86cad7ad4dff12454483b51d8b7d673a2c5d",
                "sha256:7d053096f67cd1241601111b698f5cad775f97ab25d81567d3f59219b5f1adbd",
                "sha256:804a4d582ba6e5b747c625bf1255e6b1507465494a40a2130978bda7b932c90b",
                "sha256:807f52c1f798eef6cf26beb819eeb8819b1622ddfeef9d0977a8502d4db6d534",
                "sha256:80ed5e856eb7f30115aaf94e4a08114ccc8813e6ed1b5efa74f9f82e8509858f",
                "sha256:8417cb1f36cc0bc7eaba8ccb0e04d55f0ee52df06df3ad55259b9a323555fc8b",
                "sha256:8436c508b408b82d87dc5f62496973a1805cd46727c34440b0d29d8a2f50a6c9",
                "sha256:89149166622f4db9b4b6a449256291dc87a99ee53151c74cbd82a53c8c2f6ccd",
                "sha256:8bfa33f4f2672964266e940dd22a195989ba31669bd84629f05fab3ef4e2d125",
                "sha256:8c60ca7339acd497a55b0ea5d506b2a2612afb2826560416f6894e8b5770d4a9",
                "sha256:91b36a978b5ae0ee86c394f5a54d6ef44db1de0815eb43de826d41d21e4af3de",
                "sha256:955f8851919303c92343d2f66165294848d57e9bba6cf6e3625485a70a038d11",
                "sha256:97f68b8d6831127e4787ad15e6757232e14e12060bec17091b85eb1486b91d8d",
                "sha256:9b23ca7ef998bc739bf6ffc077c2116917eabcc901f88da1b9856b210ef63f35",
                "sha256:9f0b8b1c6d84c8034a44893aba5e767bf9c7a211e313a9605d9c617d7083829f",
                "sha256:aabfa34badd18f1da5ec1bc2715cadc8dca465868a4e73a0173466b688f29dda",
                "sha256:ab36c8eb7e454e34e60eb55ca5d241a5d18b2c6244f6827a30e451c42410b5f7",
                "sha256:b010a7a4fd316c3c484d482922d13044979e78d1861f0e0650423144c616a46a",
                "sha256:b1ac5992a838106edb89654e0aebfc24f5848ae2547d22c2c3f66454daa11971",
                "sha256:b7b2d86dd06bfc2ade3312a83a5c364c7ec2e3498f8734282c6c3d4b07b346b8",
                "sha256:b97e690a2118911e39b4042088092771b4ae3fc3aa86518f84b8cf6888dbdb41",
                "sha256:bc2722592d8998c870fa4e290c2eec2c1569b87fe58618e67d38b4665dfa680d",
                "sha256:c0429126cf75e16c4f0ad00ee0eae4242dc652290f940152ca8c75c3a4b6ee8f",
                "sha256:c30197aa96e8eed02200a83fba2657b4c3acd0f0aa4bdc9f6c1af8e8962e0757",
                "sha256:c4c3e6da02df6fa1410a7680bd3f63d4f710232d3139089536310d027950696a",
                "sha256:c75cb2a3e389853835e84a2d8fb2b81a10645b503eca9bcb98df6b5a43eb8886",
                "sha256:c96836c97b1238e9c9e3fe90844c947d5afbf4f4c92762679acfe19927d81d77",
                "sha256:d7f50a1f8c450f3925cb367d011448c39239bb3eb4117c36a6d354794de4ce76",
                "sha256:d973f03c0cb71c5ed99037b870f2be986c3c05e63622c017ea9816881d2dd247",
                "sha256:d98b1668f06378c6dbefec3b92299716b931cd4e6061f3c875a71ced1780ab85",
                "sha256:d9c3cdf5390dcd29aa8056d13e8e99526cda0305acc038b96b30352aff5ff2bb",
                "sha256:dad3e487649f498dd991eeb901125411559b22e8d7ab25d3aeb1af367df5efd7",
                "sha256:dccbe65bd2f7f7ec22c4ff99ed56faa1e9f785482b9bbd7c717e26fd723a1d1e",
                "sha256:dd78cfcda14a1ef52584dbb008f7ac81c1328c0f58184bf9a84c49c605002da6",
                "sha256:e218488cd232553829be0664c2292d3af2eeeb94b32bea483cf79ac6a694e037",
                "sha256:e358e64305fe12299a08e08978f51fc21fac060dcfcddd95453eabe5b93ed0e1",
                "sha256:ea0d8d539afa5eb2728aa1932a988a9a7af94f18582ffae4bc10b3fbdad0626e",
                "sha256:eab677309cdb30d047996b36d34caeda1dc91149e4fdca0b1a039b3f79d9a807",
                "sha256:eb8178fe3dba6450a3e024e95ac49ed3400e506fd4e9e5c32d30adda88cbd407",
                "sha256:ecddf25bee22fe4fe3737a399d0d177d72bc22be6913acfab364b40bce1ba83c",
                "sha256:eea6ee1db730b3483adf394ea72f808b6e18cf3cb6454b4d86e04fa8c4327a12",
                "sha256:f08ff5e948271dc7e18a35641d2f11a4cd8dfd5634f55228b691e62b37125eb3",
                "sha256:f30bf9fd9be89ecb2360c7d94a711f00c09b976258846efe40db3d05828e8089",
                "sha256:fa88b843d6e211393a37219e6a1c1df99d35e8fd90446f1118f4216e307e48cd",
                "sha256:fc54db6c8593ef7d4b2a331b58653356cf04f67c960f584edb7c3d8c97e8f39e",
                "sha256:fd4ec41f914fa74ad1b8304bbc634b3de73d2a0889bd32076342a573e0779e00",
                "sha256:ffc9202a29ab3920fa812879e95a9e78b2465fd10be7fcbd042899695d75e616"
            ],
            "markers": "python_version >= '3.7'",
            "version": "==3.4.1"
        },
        "click": {
            "hashes": [
                "sha256:63c132bbbed01578a06712a2d1f497bb62d9c1c0d329b7903a866228027263b2",
                "sha256:ed53c9d8990d83c2a27deae68e4ee337473f6330c040a31d4225c9574d16096a"
            ],
            "markers": "python_version >= '3.7'",
            "version": "==8.1.8"
        },
        "exceptiongroup": {
            "hashes": [
                "sha256:3111b9d131c238bec2f8f516e123e14ba243563fb135d3fe885990585aa7795b",
                "sha256:47c2edf7c6738fafb49fd34290706d1a1a2f4d1c6df275526b62cbb4aa5393cc"
            ],
            "markers": "python_version < '3.11'",
            "version": "==1.2.2"
        },
        "fastapi": {
            "hashes": [
                "sha256:32e1541b7b74602e4ef4a0260ecaf3aadf9d4f19590bba3e1bf2ac4666aa2c64",
                "sha256:cc81f03f688678b92600a65a5e618b93592c65005db37157147204d8924bf94f"
            ],
            "index": "pypi",
            "version": "==0.115.11"
        },
        "h11": {
            "hashes": [
                "sha256:8f19fbbe99e72420ff35c00b27a34cb9937e902a8b810e2c88300c6f0a3b699d",
                "sha256:e3fe4ac4b851c468cc8363d500db52c2ead036020723024a109d37346efaa761"
            ],
            "markers": "python_version >= '3.7'",
            "version": "==0.14.0"
        },
        "idna": {
            "hashes": [
                "sha256:12f65c9b470abda6dc35cf8e63cc574b1c52b11df2c86030af0ac09b01b13ea9",
                "sha256:946d195a0d259cbba61165e88e65941f16e9b36ea6ddb97f00452bae8b1287d3"
            ],
            "markers": "python_version >= '3.6'",
            "version": "==3.10"
        },
        "jmespath": {
            "hashes": [
                "sha256:02e2e4cc71b5bcab88332eebf907519190dd9e6e82107fa7f83b1003a6252980",
                "sha256:90261b206d6defd58fdd5e85f478bf633a2901798906be2ad389150c5c60edbe"
            ],
            "markers": "python_version >= '3.7'",
            "version": "==1.0.1"
        },
        "mangum": {
            "hashes": [
                "sha256:e388e7c491b7b67970f8234e46fd4a7b21ff87785848f418de08148f71cf0bd6",
                "sha256:e500b35f495d5e68ac98bc97334896d6101523f2ee2c57ba6a61893b65266e59"
            ],
            "markers": "python_version >= '3.7'",
            "version": "==0.19.0"
        },
        "numpy": {
            "hashes": [
                "sha256:0123ffdaa88fa4ab64835dcbde75dcdf89c453c922f18dced6e27c90d1d0ec5a",
                "sha256:11a76c372d1d37437857280aa142086476136a8c0f373b2e648ab2c8f18fb195",
                "sha256:13e689d772146140a252c3a28501da66dfecd77490b498b168b501835041f951",
                "sha256:1e795a8be3ddbac43274f18588329c72939870a16cae810c2b73461c40718ab1",
                "sha256:26df23238872200f63518dd2aa984cfca675d82469535dc7162dc2ee52d9dd5c",
                "sha256:286cd40ce2b7d652a6f22efdfc6d1edf879440e53e76a75955bc0c826c7e64dc",
                "sha256:2b2955fa6f11907cf7a70dab0d0755159bca87755e831e47932367fc8f2f2d0b",
                "sha256:2da5960c3cf0df7eafefd806d4e612c5e19358de82cb3c343631188991566ccd",
                "sha256:312950fdd060354350ed123c0e25a71327d3711584beaef30cdaa93320c392d4",
                "sha256:423e89b23490805d2a5a96fe40ec507407b8ee786d66f7328be214f9679df6dd",
                "sha256:496f71341824ed9f3d2fd36cf3ac57ae2e0165c143b55c3a035ee219413f3318",
                "sha256:49ca4decb342d66018b01932139c0961a8f9ddc7589611158cb3c27cbcf76448",
                "sha256:51129a29dbe56f9ca83438b706e2e69a39892b5eda6cedcb6b0c9fdc9b0d3ece",
                "sha256:5fec9451a7789926bcf7c2b8d187292c9f93ea30284802a0ab3f5be8ab36865d",
                "sha256:671bec6496f83202ed2d3c8fdc486a8fc86942f2e69ff0e986140339a63bcbe5",
                "sha256:7f0a0c6f12e07fa94133c8a67404322845220c06a9e80e85999afe727f7438b8",
                "sha256:807ec44583fd708a21d4a11d94aedf2f4f3c3719035c76a2bbe1fe8e217bdc57",
                "sha256:883c987dee1880e2a864ab0dc9892292582510604156762362d9326444636e78",
                "sha256:8c5713284ce4e282544c68d1c3b2c7161d38c256d2eefc93c1d683cf47683e66",
                "sha256:8cafab480740e22f8d833acefed5cc87ce276f4ece12fdaa2e8903db2f82897a",
                "sha256:8df823f570d9adf0978347d1f926b2a867d5608f434a7cff7f7908c6570dcf5e",
                "sha256:9059e10581ce4093f735ed23f3b9d283b9d517ff46009ddd485f1747eb22653c",
                "sha256:905d16e0c60200656500c95b6b8dca5d109e23cb24abc701d41c02d74c6b3afa",
                "sha256:9189427407d88ff25ecf8f12469d4d39d35bee1db5d39fc5c168c6f088a6956d",
                "sha256:96a55f64139912d61de9137f11bf39a55ec8faec288c75a54f93dfd39f7eb40c",
                "sha256:97032a27bd9d8988b9a97a8c4d2c9f2c15a81f61e2f21404d7e8ef00cb5be729",
                "sha256:984d96121c9f9616cd33fbd0618b7f08e0cfc9600a7ee1d6fd9b239186d19d97",
                "sha256:9a92ae5c14811e390f3767053ff54eaee3bf84576d99a2456391401323f4ec2c",
                "sha256:9ea91dfb7c3d1c56a0e55657c0afb38cf1eeae4544c208dc465c3c9f3a7c09f9",
                "sha256:a15f476a45e6e5a3a79d8a14e62161d27ad897381fecfa4a09ed5322f2085669",
                "sha256:a392a68bd329eafac5817e5aefeb39038c48b671afd242710b451e76090e81f4",
                "sha256:a3f4ab0caa7f053f6797fcd4e1e25caee367db3112ef2b6ef82d749530768c73",
                "sha256:a46288ec55ebbd58947d31d72be2c63cbf839f0a63b49cb755022310792a3385",
                "sha256:a61ec659f68ae254e4d237816e33171497e978140353c0c2038d46e63282d0c8",
                "sha256:a842d573724391493a97a62ebbb8e731f8a5dcc5d285dfc99141ca15a3302d0c",
                "sha256:becfae3ddd30736fe1889a37f1f580e245ba79a5855bff5f2a29cb3ccc22dd7b",
                "sha256:c05e238064fc0610c840d1cf6a13bf63d7e391717d247f1bf0318172e759e692",
                "sha256:c1c9307701fec8f3f7a1e6711f9089c06e6284b3afbbcd259f7791282d660a15",
                "sha256:c7b0be4ef08607dd04da4092faee0b86607f111d5ae68036f16cc787e250a131",
                "sha256:cfd41e13fdc257aa5778496b8caa5e856dc4896d4ccf01841daee1d96465467a",
                "sha256:d731a1c6116ba289c1e9ee714b08a8ff882944d4ad631fd411106a30f083c326",
                "sha256:df55d490dea7934f330006d0f81e8551ba6010a5bf035a249ef61a94f21c500b",
                "sha256:ec9852fb39354b5a45a80bdab5ac02dd02b15f44b3804e9f00c556bf24b4bded",
                "sha256:f15975dfec0cf2239224d80e32c3170b1d168335eaedee69da84fbe9f1f9cd04",
                "sha256:f26b258c385842546006213344c50655ff1555a9338e2e5e02a0756dc3e803dd"
            ],
            "index": "pypi",
            "version": "==2.0.2"
        },
        "orjson": {
            "hashes": [
                "sha256:035fb83585e0f15e076759b6fedaf0abb460d1765b6a36f48018a52858443514",
                "sha256:05ca7fe452a2e9d8d9d706a2984c95b9c2ebc5db417ce0b7a49b91d50642a23e",
                "sha256:0a4f27ea5617828e6b58922fdbec67b0aa4bb844e2d363b9244c47fa2180e665",
                "sha256:13242f12d295e83c2955756a574ddd6741c81e5b99f2bef8ed8d53e47a01e4b7",
                "sha256:17085a6aa91e1cd70ca8533989a18b5433e15d29c574582f76f821737c8d5806",
                "sha256:1e6d33efab6b71d67f22bf2962895d3dc6f82a6273a965fab762e64fa90dc399",
                "sha256:208beedfa807c922da4e81061dafa9c8489c6328934ca2a562efa707e049e561",
                "sha256:295c70f9dc154307777ba30fe29ff15c1bcc9dfc5c48632f37d20a607e9ba85a",
                "sha256:305b38b2b8f8083cc3d618927d7f424349afce5975b316d33075ef0f73576b60",
                "sha256:33aedc3d903378e257047fee506f11e0833146ca3e57a1a1fb0ddb789876c1e1",
                "sha256:3614ea508d522a621384c1d6639016a5a2e4f027f3e4a1c93a51867615d28829",
                "sha256:3766ac4702f8f795ff3fa067968e806b4344af257011858cc3d6d8721588b53f",
                "sha256:3a63bb41559b05360ded9132032239e47983a39b151af1201f07ec9370715c82",
                "sha256:43e17289ffdbbac8f39243916c893d2ae41a2ea1a9cbb060a56a4d75286351ae",
                "sha256:552c883d03ad185f720d0c09583ebde257e41b9521b74ff40e08b7dec4559c04",
                "sha256:5dd9ef1639878cc3efffed349543cbf9372bdbd79f478615a1c633fe4e4180d1",
                "sha256:5e8afd6200e12771467a1a44e5ad780614b86abb4b11862ec54861a82d677746",
                "sha256:616e3e8d438d02e4854f70bfdc03a6bcdb697358dbaa6bcd19cbe24d24ece1f8",
                "sha256:63309e3ff924c62404923c80b9e2048c1f74ba4b615e7584584389ada50ed428",
                "sha256:6875210307d36c94873f553786a808af2788e362bd0cf4c8e66d976791e7b528",
                "sha256:6fd9bc64421e9fe9bd88039e7ce8e58d4fead67ca88e3a4014b143cec7684fd4",
                "sha256:7066b74f9f259849629e0d04db6609db4cf5b973248f455ba5d3bd58a4daaa5b",
                "sha256:73cb85490aa6bf98abd20607ab5c8324c0acb48d6da7863a51be48505646c814",
                "sha256:763dadac05e4e9d2bc14938a45a2d0560549561287d41c465d3c58aec818b164",
                "sha256:7723ad949a0ea502df656948ddd8b392780a5beaa4c3b5f97e525191b102fff0",
                "sha256:781d54657063f361e89714293c095f506c533582ee40a426cb6489c48a637b81",
                "sha256:7946922ada8f3e0b7b958cc3eb22cfcf6c0df83d1fe5521b4a100103e3fa84c8",
                "sha256:7a1c73dcc8fadbd7c55802d9aa093b36878d34a3b3222c41052ce6b0fc65f8e8",
                "sha256:7c203f6f969210128af3acae0ef9ea6aab9782939f45f6fe02d05958fe761ef9",
                "sha256:7c2c79fa308e6edb0ffab0a31fd75a7841bf2a79a20ef08a3c6e3b26814c8ca8",
                "sha256:7c864a80a2d467d7786274fce0e4f93ef2a7ca4ff31f7fc5634225aaa4e9e98c",
                "sha256:88dc3f65a026bd3175eb157fea994fca6ac7c4c8579fc5a86fc2114ad05705b7",
                "sha256:8918719572d662e18b8af66aef699d8c21072e54b6c82a3f8f6404c1f5ccd5e0",
                "sha256:9d11c0714fc85bfcf36ada1179400862da3288fc785c30e8297844c867d7505a",
                "sha256:9e590a0477b23ecd5b0ac865b1b907b01b3c5535f5e8a8f6ab0e503efb896334",
                "sha256:9e992fd5cfb8b9f00bfad2fd7a05a4299db2bbe92e6440d9dd2fab27655b3182",
                "sha256:a2f708c62d026fb5340788ba94a55c23df4e1869fec74be455e0b2f5363b8507",
                "sha256:a330b9b4734f09a623f74a7490db713695e13b67c959713b78369f26b3dee6bf",
                "sha256:a61a4622b7ff861f019974f73d8165be1bd9a0855e1cad18ee167acacabeb061",
                "sha256:a6be38bd103d2fd9bdfa31c2720b23b5d47c6796bcb1d1b598e3924441b4298d",
                "sha256:abc7abecdbf67a173ef1316036ebbf54ce400ef2300b4e26a7b843bd446c2480",
                "sha256:acd271247691574416b3228db667b84775c497b245fa275c6ab90dc1ffbbd2b3",
                "sha256:b0482b21d0462eddd67e7fce10b89e0b6ac56570424662b685a0d6fccf581e13",
                "sha256:b299383825eafe642cbab34be762ccff9fd3408d72726a6b2a4506d410a71ab3",
                "sha256:b342567e5465bd99faa559507fe45e33fc76b9fb868a63f1642c6bc0735ad02a",
                "sha256:b48f59114fe318f33bbaee8ebeda696d8ccc94c9e90bc27dbe72153094e26f41",
                "sha256:b7155eb1623347f0f22c38c9abdd738b287e39b9982e1da227503387b81b34ca",
                "sha256:bae0e6ec2b7ba6895198cd981b7cca95d1487d0147c8ed751e5632ad16f031a6",
                "sha256:bb00b7bfbdf5d34a13180e4805d76b4567025da19a197645ca746fc2fb536586",
                "sha256:bb5cc3527036ae3d98b65e37b7986a918955f85332c1ee07f9d3f82f3a6899b5",
                "sha256:c03cd6eea1bd3b949d0d007c8d57049aa2b39bd49f58b4b2af571a5d3833d890",
                "sha256:c25774c9e88a3e0013d7d1a6c8056926b607a61edd423b50eb5c88fd7f2823ae",
                "sha256:c33be3795e299f565681d69852ac8c1bc5c84863c0b0030b2b3468843be90388",
                "sha256:c4cc83960ab79a4031f3119cc4b1a1c627a3dc09df125b27c4201dff2af7eaa6",
                "sha256:cf45e0214c593660339ef63e875f32ddd5aa3b4adc15e662cdb80dc49e194f8e",
                "sha256:d13b7fe322d75bf84464b075eafd8e7dd9eae05649aa2a5354cfa32f43c59f17",
                "sha256:d433bf32a363823863a96561a555227c18a522a8217a6f9400f00ddc70139ae2",
                "sha256:d569c1c462912acdd119ccbf719cf7102ea2c67dd03b99edcb1a3048651ac96b",
                "sha256:d5ac11b659fd798228a7adba3e37c010e0152b78b1982897020a8e019a94882e",
                "sha256:da03392674f59a95d03fa5fb9fe3a160b0511ad84b7a3914699ea5a1b3a38da2",
                "sha256:da9a18c500f19273e9e104cca8c1f0b40a6470bcccfc33afcc088045d0bf5ea6",
                "sha256:dadba0e7b6594216c214ef7894c4bd5f08d7c0135f4dd0145600be4fbcc16767",
                "sha256:dba5a1e85d554e3897fa9fe6fbcff2ed32d55008973ec9a2b992bd9a65d2352d",
                "sha256:dd0099ae6aed5eb1fc84c9eb72b95505a3df4267e6962eb93cdd5af03be71c98",
                "sha256:ddbeef2481d895ab8be5185f2432c334d6dec1f5d1933a9c83014d188e102cef",
                "sha256:e117eb299a35f2634e25ed120c37c641398826c2f5a3d3cc39f5993b96171b9e",
                "sha256:e4759b109c37f635aa5c5cc93a1b26927bfde24b254bcc0e1149a9fada253d2d",
                "sha256:e78c211d0074e783d824ce7bb85bf459f93a233eb67a5b5003498232ddfb0e8a",
                "sha256:eca81f83b1b8c07449e1d6ff7074e82e3fd6777e588f1a6632127f286a968825",
                "sha256:eea80037b9fae5339b214f59308ef0589fc06dc870578b7cce6d71eb2096764c",
                "sha256:ef5b87e7aa9545ddadd2309efe6824bd3dd64ac101c15dae0f2f597911d46eaa",
                "sha256:efcf6c735c3d22ef60c4aa27a5238f1a477df85e9b15f2142f9d669beb2d13fd",
                "sha256:f71eae9651465dff70aa80db92586ad5b92df46a9373ee55252109bb6b703307",
                "sha256:f93ce145b2db1252dd86af37d4165b6faa83072b46e3995ecc95d4b2301b725a",
                "sha256:f95fb363d79366af56c3f26b71df40b9a583b07bbaaf5b317407c4d58497852e",
                "sha256:f9875f5fea7492da8ec2444839dcc439b0ef298978f311103d0b7dfd775898ab",
                "sha256:fd56a26a04f6ba5fb2045b0acc487a63162a958ed837648c5781e1fe3316cfbf",
                "sha256:ff4f6edb1578960ed628a3b998fa54d78d9bb3e2eb2cfc5c2a09732431c678d0",
                "sha256:ffe19f3e8d68111e8644d4f4e267a069ca427926855582ff01fc012496d19969"
            ],
            "markers": "python_version >= '3.8'",
            "version": "==3.10.15"
        },
        "passlib": {
            "hashes": [
                "sha256:aa6bca462b8d8bda89c70b382f0c298a20b5560af6cbfa2dce410c0a2fb669f1",
                "sha256:defd50f72b65c5402ab2c573830a6978e5f202ad0d984793c8dde2c4152ebe04"
            ],
            "version": "==1.7.4"
        },
        "pydantic": {
            "hashes": [
                "sha256:427d664bf0b8a2b34ff5dd0f5a18df00591adcee7198fbd71981054cef37b584",
                "sha256:ca5daa827cce33de7a42be142548b0096bf05a7e7b365aebfa5f8eeec7128236"
            ],
            "markers": "python_version >= '3.8'",
            "version": "==2.10.6"
        },
        "pydantic-core": {
            "hashes": [
                "sha256:00bad2484fa6bda1e216e7345a798bd37c68fb2d97558edd584942aa41b7d278",
                "sha256:0296abcb83a797db256b773f45773da397da75a08f5fcaef41f2044adec05f50",
                "sha256:03d0f86ea3184a12f41a2d23f7ccb79cdb5a18e06993f8a45baa8dfec746f0e9",
                "sha256:044a50963a614ecfae59bb1eaf7ea7efc4bc62f49ed594e18fa1e5d953c40e9f",
                "sha256:05e3a55d124407fffba0dd6b0c0cd056d10e983ceb4e5dbd10dda135c31071d6",
                "sha256:08e125dbdc505fa69ca7d9c499639ab6407cfa909214d500897d02afb816e7cc",
                "sha256:097830ed52fd9e427942ff3b9bc17fab52913b2f50f2880dc4a5611446606a54",
                "sha256:0d1e85068e818c73e048fe28cfc769040bb1f475524f4745a5dc621f75ac7630",
                "sha256:0d75070718e369e452075a6017fbf187f788e17ed67a3abd47fa934d001863d9",
                "sha256:14d4a5c49d2f009d62a2a7140d3064f686d17a5d1a268bc641954ba181880236",
                "sha256:172fce187655fece0c90d90a678424b013f8fbb0ca8b036ac266749c09438cb7",
                "sha256:18a101c168e4e092ab40dbc2503bdc0f62010e95d292b27827871dc85450d7ee",
                "sha256:1a4207639fb02ec2dbb76227d7c751a20b1a6b4bc52850568e52260cae64ca3b",
                "sha256:1c1fd185014191700554795c99b347d64f2bb637966c4cfc16998a0ca700d048",
                "sha256:1e2cb691ed9834cd6a8be61228471d0a503731abfb42f82458ff27be7b2186fc",
                "sha256:1ebaf1d0481914d004a573394f4be3a7616334be70261007e47c2a6fe7e50130",
                "sha256:220f892729375e2d736b97d0e51466252ad84c51857d4d15f5e9692f9ef12be4",
                "sha256:251136cdad0cb722e93732cb45ca5299fb56e1344a833640bf93b2803f8d1bfd",
                "sha256:26f0d68d4b235a2bae0c3fc585c585b4ecc51382db0e3ba402a22cbc440915e4",
                "sha256:26f32e0adf166a84d0cb63be85c562ca8a6fa8de28e5f0d92250c6b7e9e2aff7",
                "sha256:280d219beebb0752699480fe8f1dc61ab6615c2046d76b7ab7ee38858de0a4e7",
                "sha256:28ccb213807e037460326424ceb8b5245acb88f32f3d2777427476e1b32c48c4",
                "sha256:2bf14caea37e91198329b828eae1618c068dfb8ef17bb33287a7ad4b61ac314e",
                "sha256:2d367ca20b2f14095a8f4fa1210f5a7b78b8a20009ecced6b12818f455b1e9fa",
                "sha256:30c5f68ded0c36466acede341551106821043e9afaad516adfb6e8fa80a4e6a6",
                "sha256:337b443af21d488716f8d0b6164de833e788aa6bd7e3a39c005febc1284f4962",
                "sha256:3911ac9284cd8a1792d3cb26a2da18f3ca26c6908cc434a18f730dc0db7bfa3b",
                "sha256:3d591580c34f4d731592f0e9fe40f9cc1b430d297eecc70b962e93c5c668f15f",
                "sha256:3de3ce3c9ddc8bbd88f6e0e304dea0e66d843ec9de1b0042b0911c1663ffd474",
                "sha256:3de9961f2a346257caf0aa508a4da705467f53778e9ef6fe744c038119737ef5",
                "sha256:40d02e7d45c9f8af700f3452f329ead92da4c5f4317ca9b896de7ce7199ea459",
                "sha256:42c5f762659e47fdb7b16956c71598292f60a03aa92f8b6351504359dbdba6cf",
                "sha256:47956ae78b6422cbd46f772f1746799cbb862de838fd8d1fbd34a82e05b0983a",
                "sha256:491a2b73db93fab69731eaee494f320faa4e093dbed776be1a829c2eb222c34c",
                "sha256:4c9775e339e42e79ec99c441d9730fccf07414af63eac2f0e48e08fd38a64d76",
                "sha256:4e0b4220ba5b40d727c7f879eac379b822eee5d8fff418e9d3381ee45b3b0362",
                "sha256:50a68f3e3819077be2c98110c1f9dcb3817e93f267ba80a2c05bb4f8799e2ff4",
                "sha256:519f29f5213271eeeeb3093f662ba2fd512b91c5f188f3bb7b27bc5973816934",
                "sha256:521eb9b7f036c9b6187f0b47318ab0d7ca14bd87f776240b90b21c1f4f149320",
                "sha256:57762139821c31847cfb2df63c12f725788bd9f04bc2fb392790959b8f70f118",
                "sha256:5e4f4bb20d75e9325cc9696c6802657b58bc1dbbe3022f32cc2b2b632c3fbb96",
                "sha256:5e68c4446fe0810e959cdff46ab0a41ce2f2c86d227d96dc3847af0ba7def306",
                "sha256:669e193c1c576a58f132e3158f9dfa9662969edb1a250c54d8fa52590045f046",
                "sha256:688d3fd9fcb71f41c4c015c023d12a79d1c4c0732ec9eb35d96e3388a120dcf3",
                "sha256:6fb4aadc0b9a0c063206846d603b92030eb6f03069151a625667f982887153e2",
                "sha256:7041c36f5680c6e0f08d922aed302e98b3745d97fe1589db0a3eebf6624523af",
                "sha256:71b24c7d61131bb83df10cc7e687433609963a944ccf45190cfc21e0887b08c9",
                "sha256:77d1bca19b0f7021b3a982e6f903dcd5b2b06076def36a652e3907f596e29f67",
                "sha256:7969e133a6f183be60e9f6f56bfae753585680f3b7307a8e555a948d443cc05a",
                "sha256:7a66efda2387de898c8f38c0cf7f14fca0b51a8ef0b24bfea5849f1b3c95af27",
                "sha256:7d0c8399fcc1848491f00e0314bd59fb34a9c008761bcb422a057670c3f65e35",
                "sha256:7d14bd329640e63852364c306f4d23eb744e0f8193148d4044dd3dacdaacbd8b",
                "sha256:7e17b560be3c98a8e3aa66ce828bdebb9e9ac6ad5466fba92eb74c4c95cb1151",
                "sha256:8083d4e875ebe0b864ffef72a4304827015cff328a1be6e22cc850753bfb122b",
                "sha256:82f91663004eb8ed30ff478d77c4d1179b3563df6cdb15c0817cd1cdaf34d154",
                "sha256:82f986faf4e644ffc189a7f1aafc86e46ef70372bb153e7001e8afccc6e54133",
                "sha256:83097677b8e3bd7eaa6775720ec8e0405f1575015a463285a92bfdfe254529ef",
                "sha256:85210c4d99a0114f5a9481b44560d7d1e35e32cc5634c656bc48e590b669b145",
                "sha256:8c19d1ea0673cd13cc2f872f6c9ab42acc4e4f492a7ca9d3795ce2b112dd7e15",
                "sha256:8d9b3388db186ba0c099a6d20f0604a44eabdeef1777ddd94786cdae158729e4",
                "sha256:8e10c99ef58cfdf2a66fc15d66b16c4a04f62bca39db589ae8cba08bc55331bc",
                "sha256:953101387ecf2f5652883208769a79e48db18c6df442568a0b5ccd8c2723abee",
                "sha256:9c3ed807c7b91de05e63930188f19e921d1fe90de6b4f5cd43ee7fcc3525cb8c",
                "sha256:9e0c8cfefa0ef83b4da9588448b6d8d2a2bf1a53c3f1ae5fca39eb3061e2f0b0",
                "sha256:9fdbe7629b996647b99c01b37f11170a57ae675375b14b8c13b8518b8320ced5",
                "sha256:a0fcd29cd6b4e74fe8ddd2c90330fd8edf2e30cb52acda47f06dd615ae72da57",
                "sha256:ac4dbfd1691affb8f48c2c13241a2e3b60ff23247cbcf981759c768b6633cf8b",
                "sha256:b0cb791f5b45307caae8810c2023a184c74605ec3bcbb67d13846c28ff731ff8",
                "sha256:ba5dd002f88b78a4215ed2f8ddbdf85e8513382820ba15ad5ad8955ce0ca19a1",
                "sha256:bca101c00bff0adb45a833f8451b9105d9df18accb8743b08107d7ada14bd7da",
                "sha256:bd8086fa684c4775c27f03f062cbb9eaa6e17f064307e86b21b9e0abc9c0f02e",
                "sha256:bec317a27290e2537f922639cafd54990551725fc844249e64c523301d0822fc",
                "sha256:c10eb4f1659290b523af58fa7cffb452a61ad6ae5613404519aee4bfbf1df993",
                "sha256:c33939a82924da9ed65dab5a65d427205a73181d8098e79b6b426bdf8ad4e656",
                "sha256:c61709a844acc6bf0b7dce7daae75195a10aac96a596ea1b776996414791ede4",
                "sha256:c70c26d2c99f78b125a3459f8afe1aed4d9687c24fd677c6a4436bc042e50d6c",
                "sha256:c817e2b40aba42bac6f457498dacabc568c3b7a986fc9ba7c8d9d260b71485fb",
                "sha256:cabb9bcb7e0d97f74df8646f34fc76fbf793b7f6dc2438517d7a9e50eee4f14d",
                "sha256:cc3f1a99a4f4f9dd1de4fe0312c114e740b5ddead65bb4102884b384c15d8bc9",
                "sha256:cca63613e90d001b9f2f9a9ceb276c308bfa2a43fafb75c8031c4f66039e8c6e",
                "sha256:ce8918cbebc8da707ba805b7fd0b382816858728ae7fe19a942080c24e5b7cd1",
                "sha256:d2088237af596f0a524d3afc39ab3b036e8adb054ee57cbb1dcf8e09da5b29cc",
                "sha256:d262606bf386a5ba0b0af3b97f37c83d7011439e3dc1a9298f21efb292e42f1a",
                "sha256:d2d63f1215638d28221f664596b1ccb3944f6e25dd18cd3b86b0a4c408d5ebb9",
                "sha256:d3e8d504bdd3f10835468f29008d72fc8359d95c9c415ce6e767203db6127506",
                "sha256:d4041c0b966a84b4ae7a09832eb691a35aec90910cd2dbe7a208de59be77965b",
                "sha256:d716e2e30c6f140d7560ef1538953a5cd1a87264c737643d481f2779fc247fe1",
                "sha256:d81d2068e1c1228a565af076598f9e7451712700b673de8f502f0334f281387d",
                "sha256:d9640b0059ff4f14d1f37321b94061c6db164fbe49b334b31643e0528d100d99",
                "sha256:de3cd1899e2c279b140adde9357c4495ed9d47131b4a4eaff9052f23398076b3",
                "sha256:e0fd26b16394ead34a424eecf8a31a1f5137094cabe84a1bcb10fa6ba39d3d31",
                "sha256:e2bb4d3e5873c37bb3dd58714d4cd0b0e6238cebc4177ac8fe878f8b3aa8e74c",
                "sha256:eb026e5a4c1fee05726072337ff51d1efb6f59090b7da90d30ea58625b1ffb39",
                "sha256:eda3f5c2a021bbc5d976107bb302e0131351c2ba54343f8a496dc8783d3d3a6a",
                "sha256:ef592d4bad47296fb11f96cd7dc898b92e795032b4894dfb4076cfccd43a9308",
                "sha256:f141ee28a0ad2123b6611b6ceff018039df17f32ada8b534e6aa039545a3efb2",
                "sha256:f66d89ba397d92f840f8654756196d93804278457b5fbede59598a1f9f90b228",
                "sha256:f6f8e111843bbb0dee4cb6594cdc73e79b3329b526037ec242a3e49012495b3b",
                "sha256:fa8e459d4954f608fa26116118bb67f56b93b209c39b008277ace29937453dc9",
                "sha256:fd1aea04935a508f62e0d0ef1f5ae968774a32afc306fb8545e06f5ff5cdf3ad"
            ],
            "markers": "python_version >= '3.8'",
            "version": "==2.27.2"
        },
        "python-dateutil": {
            "hashes": [
                "sha256:37dd54208da7e1cd875388217d5e00ebd4179249f90fb72437e91a35459a0ad3",
                "sha256:a8b2bc7bffae282281c8140a97d3aa9c14da0b136dfe83f850eea9a5f7470427"
            ],
            "markers": "python_version >= '2.7' and python_version not in '3.0, 3.1, 3.2, 3.3'",
            "version": "==2.9.0.post0"
        },
        "python-multipart": {
            "hashes": [
                "sha256:8a62d3a8335e06589fe01f2a3e178cdcc632f3fbe0d492ad9ee0ec35aab1f104",
                "sha256:8dd0cab45b8e23064ae09147625994d090fa46f5b0d1e13af944c331a7fa9d13"
            ],
            "markers": "python_version >= '3.8'",
            "version": "==0.0.20"
        },
        "requests": {
            "hashes": [
                "sha256:55365417734eb18255590a9ff9eb97e9e1da868d4ccd6402399eaf68af20a760",
                "sha256:70761cfe03c773ceb22aa2f671b4757976145175cdfca038c02654d061d6dcc6"
            ],
            "markers": "python_version >= '3.8'",
            "version": "==2.32.3"
        },
        "serverless-pypi": {
            "hashes": [
                "sha256:7ae5a9b6a78c0bc49466e4b38e276368e526b19b3bacadbebc2baaa669132b5c",
                "sha256:7bf99cef8dd22c20060e4fbf21272620c943685edb95e9a0703bd677f6874bbc"
            ],
            "index": "pypi",
            "version": "==0.0.6"
        },
        "six": {
            "hashes": [
                "sha256:4721f391ed90541fddacab5acf947aa0d3dc7d27b2e1e8eda2be8970586c3274",
                "sha256:ff70335d468e7eb6ec65b95b99d3a2836546063f63acc5171de367e834932a81"
            ],
            "markers": "python_version >= '2.7' and python_version not in '3.0, 3.1, 3.2, 3.3'",
            "version": "==1.17.0"
        },
        "sniffio": {
            "hashes": [
                "sha256:2f6da418d1f1e0fddd844478f41680e794e6051915791a034ff65e5f100525a2",
                "sha256:f4324edc670a0f49750a81b895f35c3adb843cca46f0530f79fc1babb23789dc"
            ],
            "markers": "python_version >= '3.7'",
            "version": "==1.3.1"
        },
        "soupsieve": {
            "hashes": [
                "sha256:e2e68417777af359ec65daac1057404a3c8a5455bb8abc36f1a9866ab1a51abb",
                "sha256:e72c4ff06e4fb6e4b5a9f0f55fe6e81514581fca1515028625d0f299c602ccc9"
            ],
            "markers": "python_version >= '3.8'",
            "version": "==2.6"
        },
        "starlette": {
            "hashes": [
                "sha256:3c88d58ee4bd1bb807c0d1acb381838afc7752f9ddaec81bbe4383611d833230",
                "sha256:77c74ed9d2720138b25875133f3a2dae6d854af2ec37dceb56aef370c1d8a227"
            ],
            "markers": "python_version >= '3.9'",
            "version": "==0.46.1"
        },
        "typing-extensions": {
            "hashes": [
                "sha256:04e5ca0351e0f3f85c6853954072df659d0d13fac324d0072316b67d7794700d",
                "sha256:1a7ead55c7e559dd4dee8856e3a88b41225abfe1ce8df57b7c13915fe121ffb8"
            ],
            "markers": "python_version >= '3.8'",
            "version": "==4.12.2"
        },
        "urllib3": {
            "hashes": [
                "sha256:0ed14ccfbf1c30a9072c7ca157e4319b70d65f623e91e7b32fadb2853431016e",
                "sha256:40c2dc0c681e47eb8f90e7e27bf6ff7df2e677421fd46756da1161c39ca70d32"
            ],
            "markers": "python_version >= '2.7' and python_version not in '3.0, 3.1, 3.2, 3.3, 3.4, 3.5'",
            "version": "==1.26.20"
        },
        "uvicorn": {
            "hashes": [
                "sha256:023dc038422502fa28a09c7a30bf2b6991512da7dcdb8fd35fe57cfc154126f4",
                "sha256:404051050cd7e905de2c9a7e61790943440b3416f49cb409f965d9dcd0fa73e9"
            ],
            "index": "pypi",
            "version": "==0.34.0"
        }
    },
    "develop": {}
}
